PODS:
  - CocoaLumberjack/Core (3.5.0)
  - CocoaLumberjack/Swift (3.5.0):
    - CocoaLumberjack/Core

DEPENDENCIES:
  - CocoaLumberjack/Swift (= 3.5)

SPEC REPOS:
  https://github.com/cocoapods/specs.git:
    - CocoaLumberjack

SPEC CHECKSUMS:
  CocoaLumberjack: cffaa70a9336515228178e3669b71bd49d343850

PODFILE CHECKSUM: 0859ce3c27f5871f67bfda01613a06d2e1df8e72

COCOAPODS: 1.7.2
